
Microsoft Visual Studio Solution File, Format Version 12.00
# Visual Studio Version 16
VisualStudioVersion = 16.0.31515.178
MinimumVisualStudioVersion = 10.0.40219.1
Project("{FAE04EC0-301F-11D3-BF4B-00C04F79EFBC}") = "CustomRegionSaves", "SaveEditor\CustomRegionSaves.csproj", "{A16E160A-DB2B-4C4A-A3EB-5CBB84C39ED3}"
EndProject
Global
	GlobalSection(SolutionConfigurationPlatforms) = preSolution
		Debug|Any CPU = Debug|Any CPU
		Release|Any CPU = Release|Any CPU
	EndGlobalSection
	GlobalSection(ProjectConfigurationPlatforms) = postSolution
		{A16E160A-DB2B-4C4A-A3EB-5CBB84C39ED3}.Debug|Any CPU.ActiveCfg = Debug|Any CPU
		{A16E160A-DB2B-4C4A-A3EB-5CBB84C39ED3}.Debug|Any CPU.Build.0 = Debug|Any CPU
		{A16E160A-DB2B-4C4A-A3EB-5CBB84C39ED3}.Release|Any CPU.ActiveCfg = Release|Any CPU
		{A16E160A-DB2B-4C4A-A3EB-5CBB84C39ED3}.Release|Any CPU.Build.0 = Release|Any CPU
	EndGlobalSection
	GlobalSection(SolutionProperties) = preSolution
		HideSolutionNode = FALSE
	EndGlobalSection
	GlobalSection(ExtensibilityGlobals) = postSolution
		SolutionGuid = {98C08993-9E51-4C45-854C-8A910E2F162D}
	EndGlobalSection
EndGlobal
